
Microsoft Visual Studio Solution File, Format Version 12.00
# Visual Studio Version 16
VisualStudioVersion = 16.0.30413.136
MinimumVisualStudioVersion = 10.0.40219.1
Project("{FAE04EC0-301F-11D3-BF4B-00C04F79EFBC}") = "TimeSheetManagment", "TimeSheetManagment\TimeSheetManagment.csproj", "{9295A604-FC0A-420D-985E-9683AA10877C}"
EndProject
Global
	GlobalSection(SolutionConfigurationPlatforms) = preSolution
		Debug|Any CPU = Debug|Any CPU
		Release|Any CPU = Release|Any CPU
	EndGlobalSection
	GlobalSection(ProjectConfigurationPlatforms) = postSolution
		{9295A604-FC0A-420D-985E-9683AA10877C}.Debug|Any CPU.ActiveCfg = Debug|Any CPU
		{9295A604-FC0A-420D-985E-9683AA10877C}.Debug|Any CPU.Build.0 = Debug|Any CPU
		{9295A604-FC0A-420D-985E-9683AA10877C}.Release|Any CPU.ActiveCfg = Release|Any CPU
		{9295A604-FC0A-420D-985E-9683AA10877C}.Release|Any CPU.Build.0 = Release|Any CPU
	EndGlobalSection
	GlobalSection(SolutionProperties) = preSolution
		HideSolutionNode = FALSE
	EndGlobalSection
	GlobalSection(ExtensibilityGlobals) = postSolution
		SolutionGuid = {0DE149F9-BED1-4447-BB50-9A78DF1EDA15}
	EndGlobalSection
EndGlobal
